
Microsoft Visual Studio Solution File, Format Version 12.00
# Visual Studio Version 17
VisualStudioVersion = 17.0.32002.185
MinimumVisualStudioVersion = 10.0.40219.1
Project("{8BC9CEB8-8B4A-11D0-8D11-00A0C91BC942}") = "TestMPI", "TestMPI.vcxproj", "{B7F9D878-4C81-4687-BCA4-130590F11529}"
EndProject
Project("{8BC9CEB8-8B4A-11D0-8D11-00A0C91BC942}") = "SimpleSieve", "..\SimpleSieve\SimpleSieve.vcxproj", "{B658E2C1-79B0-4562-8C3B-983C7E0CEE08}"
EndProject
Global
	GlobalSection(SolutionConfigurationPlatforms) = preSolution
		Debug|x64 = Debug|x64
		Debug|x86 = Debug|x86
		Release|x64 = Release|x64
		Release|x86 = Release|x86
	EndGlobalSection
	GlobalSection(ProjectConfigurationPlatforms) = postSolution
		{B7F9D878-4C81-4687-BCA4-130590F11529}.Debug|x64.ActiveCfg = Debug|x64
		{B7F9D878-4C81-4687-BCA4-130590F11529}.Debug|x64.Build.0 = Debug|x64
		{B7F9D878-4C81-4687-BCA4-130590F11529}.Debug|x86.ActiveCfg = Debug|Win32
		{B7F9D878-4C81-4687-BCA4-130590F11529}.Debug|x86.Build.0 = Debug|Win32
		{B7F9D878-4C81-4687-BCA4-130590F11529}.Release|x64.ActiveCfg = Release|x64
		{B7F9D878-4C81-4687-BCA4-130590F11529}.Release|x64.Build.0 = Release|x64
		{B7F9D878-4C81-4687-BCA4-130590F11529}.Release|x86.ActiveCfg = Release|Win32
		{B7F9D878-4C81-4687-BCA4-130590F11529}.Release|x86.Build.0 = Release|Win32
		{B658E2C1-79B0-4562-8C3B-983C7E0CEE08}.Debug|x64.ActiveCfg = Debug|x64
		{B658E2C1-79B0-4562-8C3B-983C7E0CEE08}.Debug|x64.Build.0 = Debug|x64
		{B658E2C1-79B0-4562-8C3B-983C7E0CEE08}.Debug|x86.ActiveCfg = Debug|Win32
		{B658E2C1-79B0-4562-8C3B-983C7E0CEE08}.Debug|x86.Build.0 = Debug|Win32
		{B658E2C1-79B0-4562-8C3B-983C7E0CEE08}.Release|x64.ActiveCfg = Release|x64
		{B658E2C1-79B0-4562-8C3B-983C7E0CEE08}.Release|x64.Build.0 = Release|x64
		{B658E2C1-79B0-4562-8C3B-983C7E0CEE08}.Release|x86.ActiveCfg = Release|Win32
		{B658E2C1-79B0-4562-8C3B-983C7E0CEE08}.Release|x86.Build.0 = Release|Win32
	EndGlobalSection
	GlobalSection(SolutionProperties) = preSolution
		HideSolutionNode = FALSE
	EndGlobalSection
	GlobalSection(ExtensibilityGlobals) = postSolution
		SolutionGuid = {90FEFB51-D5DD-43A4-9CC8-697B8E12BEF0}
	EndGlobalSection
EndGlobal
